
Microsoft Visual Studio Solution File, Format Version 12.00
# Visual Studio Version 17
VisualStudioVersion = 17.4.33110.190
MinimumVisualStudioVersion = 10.0.40219.1
Project("{FAE04EC0-301F-11D3-BF4B-00C04F79EFBC}") = "HtmlCssJavascript8141", "HtmlCssJavascript8141\HtmlCssJavascript8141.csproj", "{19EEE44F-9EAF-4DF2-AFD4-D3E2FC7D1652}"
EndProject
Global
	GlobalSection(SolutionConfigurationPlatforms) = preSolution
		Debug|Any CPU = Debug|Any CPU
		Release|Any CPU = Release|Any CPU
	EndGlobalSection
	GlobalSection(ProjectConfigurationPlatforms) = postSolution
		{19EEE44F-9EAF-4DF2-AFD4-D3E2FC7D1652}.Debug|Any CPU.ActiveCfg = Debug|Any CPU
		{19EEE44F-9EAF-4DF2-AFD4-D3E2FC7D1652}.Debug|Any CPU.Build.0 = Debug|Any CPU
		{19EEE44F-9EAF-4DF2-AFD4-D3E2FC7D1652}.Release|Any CPU.ActiveCfg = Release|Any CPU
		{19EEE44F-9EAF-4DF2-AFD4-D3E2FC7D1652}.Release|Any CPU.Build.0 = Release|Any CPU
	EndGlobalSection
	GlobalSection(SolutionProperties) = preSolution
		HideSolutionNode = FALSE
	EndGlobalSection
	GlobalSection(ExtensibilityGlobals) = postSolution
		SolutionGuid = {2AC21B4B-E48E-4A1D-8AE3-85FBFE430D51}
	EndGlobalSection
EndGlobal
